
Microsoft Visual Studio Solution File, Format Version 12.00
# Visual Studio Version 16
VisualStudioVersion = 16.0.32413.511
MinimumVisualStudioVersion = 10.0.40219.1
Project("{FAE04EC0-301F-11D3-BF4B-00C04F79EFBC}") = "ISRPOLR1", "ISRPOLR1\ISRPOLR1.csproj", "{37F47F75-2806-4D79-8F70-C9E80ACCA4EF}"
EndProject
Global
	GlobalSection(SolutionConfigurationPlatforms) = preSolution
		Debug|Any CPU = Debug|Any CPU
		Release|Any CPU = Release|Any CPU
	EndGlobalSection
	GlobalSection(ProjectConfigurationPlatforms) = postSolution
		{37F47F75-2806-4D79-8F70-C9E80ACCA4EF}.Debug|Any CPU.ActiveCfg = Debug|Any CPU
		{37F47F75-2806-4D79-8F70-C9E80ACCA4EF}.Debug|Any CPU.Build.0 = Debug|Any CPU
		{37F47F75-2806-4D79-8F70-C9E80ACCA4EF}.Release|Any CPU.ActiveCfg = Release|Any CPU
		{37F47F75-2806-4D79-8F70-C9E80ACCA4EF}.Release|Any CPU.Build.0 = Release|Any CPU
	EndGlobalSection
	GlobalSection(SolutionProperties) = preSolution
		HideSolutionNode = FALSE
	EndGlobalSection
	GlobalSection(ExtensibilityGlobals) = postSolution
		SolutionGuid = {90021C05-0F39-4031-941D-0090BF502207}
	EndGlobalSection
EndGlobal
